
Microsoft Visual Studio Solution File, Format Version 12.00
Project("{FAE04EC0-301F-11D3-BF4B-00C04F79EFBC}") = "SWAPILab", "SWAPILab\SWAPILab.csproj", "{F3253D79-5BD5-4F52-8BE4-2694B84B6106}"
EndProject
Global
	GlobalSection(SolutionConfigurationPlatforms) = preSolution
		Debug|Any CPU = Debug|Any CPU
		Release|Any CPU = Release|Any CPU
	EndGlobalSection
	GlobalSection(ProjectConfigurationPlatforms) = postSolution
		{F3253D79-5BD5-4F52-8BE4-2694B84B6106}.Debug|Any CPU.ActiveCfg = Debug|Any CPU
		{F3253D79-5BD5-4F52-8BE4-2694B84B6106}.Debug|Any CPU.Build.0 = Debug|Any CPU
		{F3253D79-5BD5-4F52-8BE4-2694B84B6106}.Release|Any CPU.ActiveCfg = Release|Any CPU
		{F3253D79-5BD5-4F52-8BE4-2694B84B6106}.Release|Any CPU.Build.0 = Release|Any CPU
	EndGlobalSection
EndGlobal
